{
  "name": "sanwise",
  "version": "1.0.0",
  "lockfileVersion": 3,
  "requires": true,
  "packages": {
    "": {
      "name": "sanwise",
      "version": "1.0.0",
      "license": "ISC",
      "dependencies": {
        "typed.js": "^2.1.0",
        "uikit": "^3.21.7"
      }
    },
    "node_modules/typed.js": {
      "version": "2.1.0",
      "resolved": "https://registry.npmjs.org/typed.js/-/typed.js-2.1.0.tgz",
      "integrity": "sha512-bDuXEf7YcaKN4g08NMTUM6G90XU25CK3bh6U0THC/Mod/QPKlEt9g/EjvbYB8x2Qwr2p6J6I3NrsoYaVnY6wsQ==",
      "license": "MIT"
    },
    "node_modules/uikit": {
      "version": "3.21.7",
      "resolved": "https://registry.npmjs.org/uikit/-/uikit-3.21.7.tgz",
      "integrity": "sha512-DOyNI9Ne1Y1f/Tvg8tVTwXsN6nscPjUg1VzYl8qaauC/UV0CbN8oUGwigv3ZiIAXC6k+scaBa0CCbqZeZvmMgA==",
      "license": "MIT"
    }
  }
}
